<?xml version="1.0" encoding="utf-8"?>
<Project ToolsVersion="4.0" xmlns="http://schemas.microsoft.com/developer/msbuild/2003">
  <ItemGroup>
    <FxCompile Include="ClientToNdc.hlsl">
      <Filter>Shaders\Vertex</Filter>
    </FxCompile>
    <FxCompile Include="SolidFill.hlsl">
      <Filter>Shaders\Pixel</Filter>
    </FxCompile>
    <FxCompile Include="RegularPolyVS.hlsl">
      <Filter>Shaders\Vertex</Filter>
    </FxCompile>
    <FxCompile Include="shaders\pixel\PolyLinePS.hlsl">
      <Filter>Shaders\Pixel</Filter>
    </FxCompile>
    <FxCompile Include="shaders\vertex\PolyLineVS.hlsl">
      <Filter>Shaders\Vertex</Filter>
    </FxCompile>
    <FxCompile Include="TexturedQuad.ps">
      <Filter>Shaders\Pixel</Filter>
    </FxCompile>
    <FxCompile Include="TexturedQuad.vs">
      <Filter>Shaders\Vertex</Filter>
    </FxCompile>
    <FxCompile Include="FirstTri.vs">
      <Filter>Shaders\Vertex</Filter>
    </FxCompile>
    <FxCompile Include="Ch08_BasicFont.ps">
      <Filter>Shaders\Pixel</Filter>
    </FxCompile>
  </ItemGroup>
  <ItemGroup>
    <ClCompile Include="main.cpp" />
    <ClCompile Include="Vec2.cpp">
      <Filter>Math</Filter>
    </ClCompile>
    <ClCompile Include="Ch05_DrawingPrimitives.cpp" />
    <ClCompile Include="Ch06_PolyLines.cpp" />
    <ClCompile Include="util.cpp">
      <Filter>Utility</Filter>
    </ClCompile>
    <ClCompile Include="Ch07_Textures.cpp" />
    <ClCompile Include="Renderer.cpp">
      <Filter>RendererBase</Filter>
    </ClCompile>
    <ClCompile Include="RenderWindow.cpp">
      <Filter>Windows</Filter>
    </ClCompile>
    <ClCompile Include="ToolWindow.cpp">
      <Filter>Windows</Filter>
    </ClCompile>
    <ClCompile Include="Ch03_FirstTriangle.cpp" />
    <ClCompile Include="Ch04_MovingTriangles.cpp" />
    <ClCompile Include="Image.cpp">
      <Filter>Utility</Filter>
    </ClCompile>
    <ClCompile Include="Ch08_FontAtlas.cpp" />
    <ClCompile Include="FontLoader.cpp">
      <Filter>Utility</Filter>
    </ClCompile>
    <ClCompile Include="DebugDataWindow.cpp">
      <Filter>Windows</Filter>
    </ClCompile>
    <ClCompile Include="Settings.cpp">
      <Filter>Windows</Filter>
    </ClCompile>
    <ClCompile Include="SettingsDialog.cpp">
      <Filter>Windows</Filter>
    </ClCompile>
    <ClCompile Include="GraphicsTutorialApp.cpp">
      <Filter>Windows</Filter>
    </ClCompile>
  </ItemGroup>
  <ItemGroup>
    <ClInclude Include="ComPtr.h">
      <Filter>Utility</Filter>
    </ClInclude>
    <ClInclude Include="Vec2.h">
      <Filter>Math</Filter>
    </ClInclude>
    <ClInclude Include="Ch05_DrawingPrimitives.h" />
    <ClInclude Include="Ch06_PolyLines.h" />
    <ClInclude Include="util.h">
      <Filter>Utility</Filter>
    </ClInclude>
    <ClInclude Include="Ch07_Textures.h" />
    <ClInclude Include="Renderer.h">
      <Filter>RendererBase</Filter>
    </ClInclude>
    <ClInclude Include="RenderWindow.h">
      <Filter>Windows</Filter>
    </ClInclude>
    <ClInclude Include="ToolWindow.h">
      <Filter>Windows</Filter>
    </ClInclude>
    <ClInclude Include="Ch03_FirstTriangle.h" />
    <ClInclude Include="Ch04_MovingTriangles.h" />
    <ClInclude Include="Image.h">
      <Filter>Utility</Filter>
    </ClInclude>
    <ClInclude Include="Ch08_FontAtlas.h" />
    <ClInclude Include="FontLoader.h">
      <Filter>Utility</Filter>
    </ClInclude>
    <ClInclude Include="DebugDataWindow.h">
      <Filter>Windows</Filter>
    </ClInclude>
    <ClInclude Include="AppLocalMessages.h">
      <Filter>Windows</Filter>
    </ClInclude>
    <ClInclude Include="resource.h">
      <Filter>Windows</Filter>
    </ClInclude>
    <ClInclude Include="Settings.h">
      <Filter>Windows</Filter>
    </ClInclude>
    <ClInclude Include="SettingsDialog.h">
      <Filter>Windows</Filter>
    </ClInclude>
    <ClInclude Include="GraphicsTutorialApp.h">
      <Filter>Windows</Filter>
    </ClInclude>
  </ItemGroup>
  <ItemGroup>
    <Filter Include="Shaders">
      <UniqueIdentifier>{4fd2c1f2-7136-4317-be48-fe436c861e9f}</UniqueIdentifier>
    </Filter>
    <Filter Include="Shaders\Pixel">
      <UniqueIdentifier>{a9e4f01f-29ba-4749-b91e-4b7c36a0d7a1}</UniqueIdentifier>
    </Filter>
    <Filter Include="Shaders\Vertex">
      <UniqueIdentifier>{0f660f98-9b45-4f2d-bcbd-8db645af96e3}</UniqueIdentifier>
    </Filter>
    <Filter Include="Utility">
      <UniqueIdentifier>{62ea0f8a-5d2c-4506-b4bd-31f3b722a59d}</UniqueIdentifier>
    </Filter>
    <Filter Include="Math">
      <UniqueIdentifier>{90326961-0f52-43f2-8fac-7c03d8a7b6c6}</UniqueIdentifier>
    </Filter>
    <Filter Include="RendererBase">
      <UniqueIdentifier>{f74c2e72-6824-4263-94bf-9c1320bf6177}</UniqueIdentifier>
    </Filter>
    <Filter Include="Windows">
      <UniqueIdentifier>{1b1047e9-183f-471e-815c-1b09ef8c0077}</UniqueIdentifier>
    </Filter>
    <Filter Include="Assets">
      <UniqueIdentifier>{1829e50a-8f90-4413-95e5-45addf9a299b}</UniqueIdentifier>
    </Filter>
  </ItemGroup>
  <ItemGroup>
    <Image Include="WhiteStarOnGreen.png">
      <Filter>Assets</Filter>
    </Image>
  </ItemGroup>
  <ItemGroup>
    <ResourceCompile Include="Resource.rc">
      <Filter>Windows</Filter>
    </ResourceCompile>
  </ItemGroup>
</Project>